
Microsoft Visual Studio Solution File, Format Version 12.00
# Visual Studio Version 16
VisualStudioVersion = 16.0.29215.179
MinimumVisualStudioVersion = 10.0.40219.1
Project("{FAE04EC0-301F-11D3-BF4B-00C04F79EFBC}") = "prjPIM", "prjPIM\prjPIM.csproj", "{E807BCD6-AD3F-461F-82C1-8146E7A1C6A6}"
EndProject
Global
	GlobalSection(SolutionConfigurationPlatforms) = preSolution
		Debug|Any CPU = Debug|Any CPU
		Release|Any CPU = Release|Any CPU
	EndGlobalSection
	GlobalSection(ProjectConfigurationPlatforms) = postSolution
		{E807BCD6-AD3F-461F-82C1-8146E7A1C6A6}.Debug|Any CPU.ActiveCfg = Debug|Any CPU
		{E807BCD6-AD3F-461F-82C1-8146E7A1C6A6}.Debug|Any CPU.Build.0 = Debug|Any CPU
		{E807BCD6-AD3F-461F-82C1-8146E7A1C6A6}.Release|Any CPU.ActiveCfg = Release|Any CPU
		{E807BCD6-AD3F-461F-82C1-8146E7A1C6A6}.Release|Any CPU.Build.0 = Release|Any CPU
	EndGlobalSection
	GlobalSection(SolutionProperties) = preSolution
		HideSolutionNode = FALSE
	EndGlobalSection
	GlobalSection(ExtensibilityGlobals) = postSolution
		SolutionGuid = {FD195C59-3991-4110-9E53-8628D0FA3F17}
	EndGlobalSection
EndGlobal
